// !$*UTF8*$!
{
	archiveVersion = 1;
	classes = {
	};
	objectVersion = 46;
	objects = {

/* Begin PBXBuildFile section */
		0B249B7CB5B83173B78A4646 /* libPods-Mark_CoreText.a in Frameworks */ = {isa = PBXBuildFile; fileRef = B16E2DE5D560AEA53B0515D8 /* libPods-Mark_CoreText.a */; };
		4D0C70C11E1DDF0B003C4A5A /* MDownLoadImageTool.m in Sources */ = {isa = PBXBuildFile; fileRef = 4D0C70C01E1DDF0B003C4A5A /* MDownLoadImageTool.m */; };
		4DA072BA1E03DCF9005B51E4 /* coretext-image-2.jpg in Resources */ = {isa = PBXBuildFile; fileRef = 4DA072B91E03DCF9005B51E4 /* coretext-image-2.jpg */; };
		4DB7347F1DF947A800ED13BA /* main.m in Sources */ = {isa = PBXBuildFile; fileRef = 4DB7347E1DF947A800ED13BA /* main.m */; };
		4DB734821DF947A800ED13BA /* AppDelegate.m in Sources */ = {isa = PBXBuildFile; fileRef = 4DB734811DF947A800ED13BA /* AppDelegate.m */; };
		4DB734851DF947A800ED13BA /* ViewController.m in Sources */ = {isa = PBXBuildFile; fileRef = 4DB734841DF947A800ED13BA /* ViewController.m */; };
		4DB734881DF947A800ED13BA /* Main.storyboard in Resources */ = {isa = PBXBuildFile; fileRef = 4DB734861DF947A800ED13BA /* Main.storyboard */; };
		4DB7348A1DF947A800ED13BA /* Assets.xcassets in Resources */ = {isa = PBXBuildFile; fileRef = 4DB734891DF947A800ED13BA /* Assets.xcassets */; };
		4DB7348D1DF947A800ED13BA /* LaunchScreen.storyboard in Resources */ = {isa = PBXBuildFile; fileRef = 4DB7348B1DF947A800ED13BA /* LaunchScreen.storyboard */; };
		4DB734971DF94B1800ED13BA /* json in Resources */ = {isa = PBXBuildFile; fileRef = 4DB734961DF94B1800ED13BA /* json */; };
		4DB7349D1DF94B4900ED13BA /* MJsonModel.m in Sources */ = {isa = PBXBuildFile; fileRef = 4DB7349C1DF94B4900ED13BA /* MJsonModel.m */; };
		4DB734A01DF951DF00ED13BA /* MParserConfig.m in Sources */ = {isa = PBXBuildFile; fileRef = 4DB7349F1DF951DF00ED13BA /* MParserConfig.m */; };
		4DBFF0C21DFAA23D00CADAEB /* MDisplayView.m in Sources */ = {isa = PBXBuildFile; fileRef = 4DBFF0C11DFAA23D00CADAEB /* MDisplayView.m */; };
/* End PBXBuildFile section */

/* Begin PBXFileReference section */
		30DFB85A2E5F94161A237035 /* Pods-Mark_CoreText.release.xcconfig */ = {isa = PBXFileReference; includeInIndex = 1; lastKnownFileType = text.xcconfig; name = "Pods-Mark_CoreText.release.xcconfig"; path = "Pods/Target Support Files/Pods-Mark_CoreText/Pods-Mark_CoreText.release.xcconfig"; sourceTree = "<group>"; };
		4D0C70BF1E1DDF0B003C4A5A /* MDownLoadImageTool.h */ = {isa = PBXFileReference; fileEncoding = 4; lastKnownFileType = sourcecode.c.h; path = MDownLoadImageTool.h; sourceTree = "<group>"; };
		4D0C70C01E1DDF0B003C4A5A /* MDownLoadImageTool.m */ = {isa = PBXFileReference; fileEncoding = 4; lastKnownFileType = sourcecode.c.objc; path = MDownLoadImageTool.m; sourceTree = "<group>"; };
		4DA072B91E03DCF9005B51E4 /* coretext-image-2.jpg */ = {isa = PBXFileReference; lastKnownFileType = image.jpeg; path = "coretext-image-2.jpg"; sourceTree = "<group>"; };
		4DB7347A1DF947A800ED13BA /* Mark_CoreText.app */ = {isa = PBXFileReference; explicitFileType = wrapper.application; includeInIndex = 0; path = Mark_CoreText.app; sourceTree = BUILT_PRODUCTS_DIR; };
		4DB7347E1DF947A800ED13BA /* main.m */ = {isa = PBXFileReference; lastKnownFileType = sourcecode.c.objc; path = main.m; sourceTree = "<group>"; };
		4DB734801DF947A800ED13BA /* AppDelegate.h */ = {isa = PBXFileReference; lastKnownFileType = sourcecode.c.h; path = AppDelegate.h; sourceTree = "<group>"; };
		4DB734811DF947A800ED13BA /* AppDelegate.m */ = {isa = PBXFileReference; lastKnownFileType = sourcecode.c.objc; path = AppDelegate.m; sourceTree = "<group>"; };
		4DB734831DF947A800ED13BA /* ViewController.h */ = {isa = PBXFileReference; lastKnownFileType = sourcecode.c.h; path = ViewController.h; sourceTree = "<group>"; };
		4DB734841DF947A800ED13BA /* ViewController.m */ = {isa = PBXFileReference; lastKnownFileType = sourcecode.c.objc; path = ViewController.m; sourceTree = "<group>"; };
		4DB734871DF947A800ED13BA /* Base */ = {isa = PBXFileReference; lastKnownFileType = file.storyboard; name = Base; path = Base.lproj/Main.storyboard; sourceTree = "<group>"; };
		4DB734891DF947A800ED13BA /* Assets.xcassets */ = {isa = PBXFileReference; lastKnownFileType = folder.assetcatalog; path = Assets.xcassets; sourceTree = "<group>"; };
		4DB7348C1DF947A800ED13BA /* Base */ = {isa = PBXFileReference; lastKnownFileType = file.storyboard; name = Base; path = Base.lproj/LaunchScreen.storyboard; sourceTree = "<group>"; };
		4DB7348E1DF947A800ED13BA /* Info.plist */ = {isa = PBXFileReference; lastKnownFileType = text.plist.xml; path = Info.plist; sourceTree = "<group>"; };
		4DB734961DF94B1800ED13BA /* json */ = {isa = PBXFileReference; fileEncoding = 4; lastKnownFileType = text; path = json; sourceTree = "<group>"; };
		4DB7349B1DF94B4900ED13BA /* MJsonModel.h */ = {isa = PBXFileReference; fileEncoding = 4; lastKnownFileType = sourcecode.c.h; path = MJsonModel.h; sourceTree = "<group>"; };
		4DB7349C1DF94B4900ED13BA /* MJsonModel.m */ = {isa = PBXFileReference; fileEncoding = 4; lastKnownFileType = sourcecode.c.objc; path = MJsonModel.m; sourceTree = "<group>"; };
		4DB7349E1DF951DF00ED13BA /* MParserConfig.h */ = {isa = PBXFileReference; fileEncoding = 4; lastKnownFileType = sourcecode.c.h; path = MParserConfig.h; sourceTree = "<group>"; };
		4DB7349F1DF951DF00ED13BA /* MParserConfig.m */ = {isa = PBXFileReference; fileEncoding = 4; lastKnownFileType = sourcecode.c.objc; path = MParserConfig.m; sourceTree = "<group>"; };
		4DBFF0C01DFAA23D00CADAEB /* MDisplayView.h */ = {isa = PBXFileReference; fileEncoding = 4; lastKnownFileType = sourcecode.c.h; path = MDisplayView.h; sourceTree = "<group>"; };
		4DBFF0C11DFAA23D00CADAEB /* MDisplayView.m */ = {isa = PBXFileReference; fileEncoding = 4; lastKnownFileType = sourcecode.c.objc; path = MDisplayView.m; sourceTree = "<group>"; };
		8CC43146639C9FDEA24B104A /* Pods-Mark_CoreText.debug.xcconfig */ = {isa = PBXFileReference; includeInIndex = 1; lastKnownFileType = text.xcconfig; name = "Pods-Mark_CoreText.debug.xcconfig"; path = "Pods/Target Support Files/Pods-Mark_CoreText/Pods-Mark_CoreText.debug.xcconfig"; sourceTree = "<group>"; };
		B16E2DE5D560AEA53B0515D8 /* libPods-Mark_CoreText.a */ = {isa = PBXFileReference; explicitFileType = archive.ar; includeInIndex = 0; path = "libPods-Mark_CoreText.a"; sourceTree = BUILT_PRODUCTS_DIR; };
/* End PBXFileReference section */

/* Begin PBXFrameworksBuildPhase section */
		4DB734771DF947A800ED13BA /* Frameworks */ = {
			isa = PBXFrameworksBuildPhase;
			buildActionMask = 2147483647;
			files = (
				0B249B7CB5B83173B78A4646 /* libPods-Mark_CoreText.a in Frameworks */,
			);
			runOnlyForDeploymentPostprocessing = 0;
		};
/* End PBXFrameworksBuildPhase section */

/* Begin PBXGroup section */
		2208F17E256C97E2CF95E0CD /* Frameworks */ = {
			isa = PBXGroup;
			children = (
				B16E2DE5D560AEA53B0515D8 /* libPods-Mark_CoreText.a */,
			);
			name = Frameworks;
			sourceTree = "<group>";
		};
		4DB734711DF947A800ED13BA = {
			isa = PBXGroup;
			children = (
				4DB7347C1DF947A800ED13BA /* Mark_CoreText */,
				4DB7347B1DF947A800ED13BA /* Products */,
				EF33AA831D89743B2BFC7737 /* Pods */,
				2208F17E256C97E2CF95E0CD /* Frameworks */,
			);
			sourceTree = "<group>";
		};
		4DB7347B1DF947A800ED13BA /* Products */ = {
			isa = PBXGroup;
			children = (
				4DB7347A1DF947A800ED13BA /* Mark_CoreText.app */,
			);
			name = Products;
			sourceTree = "<group>";
		};
		4DB7347C1DF947A800ED13BA /* Mark_CoreText */ = {
			isa = PBXGroup;
			children = (
				4DB734961DF94B1800ED13BA /* json */,
				4DB734951DF94B0600ED13BA /* CoreText */,
				4DB734941DF94AFF00ED13BA /* Model */,
				4DB734801DF947A800ED13BA /* AppDelegate.h */,
				4DB734811DF947A800ED13BA /* AppDelegate.m */,
				4DB734831DF947A800ED13BA /* ViewController.h */,
				4DB734841DF947A800ED13BA /* ViewController.m */,
				4DBFF0C01DFAA23D00CADAEB /* MDisplayView.h */,
				4DBFF0C11DFAA23D00CADAEB /* MDisplayView.m */,
				4DB734861DF947A800ED13BA /* Main.storyboard */,
				4DB734891DF947A800ED13BA /* Assets.xcassets */,
				4DB7348B1DF947A800ED13BA /* LaunchScreen.storyboard */,
				4DB7348E1DF947A800ED13BA /* Info.plist */,
				4DB7347D1DF947A800ED13BA /* Supporting Files */,
			);
			path = Mark_CoreText;
			sourceTree = "<group>";
		};
		4DB7347D1DF947A800ED13BA /* Supporting Files */ = {
			isa = PBXGroup;
			children = (
				4DB7347E1DF947A800ED13BA /* main.m */,
			);
			name = "Supporting Files";
			sourceTree = "<group>";
		};
		4DB734941DF94AFF00ED13BA /* Model */ = {
			isa = PBXGroup;
			children = (
				4DA072B91E03DCF9005B51E4 /* coretext-image-2.jpg */,
				4DB7349B1DF94B4900ED13BA /* MJsonModel.h */,
				4DB7349C1DF94B4900ED13BA /* MJsonModel.m */,
				4DB7349E1DF951DF00ED13BA /* MParserConfig.h */,
				4DB7349F1DF951DF00ED13BA /* MParserConfig.m */,
				4D0C70BF1E1DDF0B003C4A5A /* MDownLoadImageTool.h */,
				4D0C70C01E1DDF0B003C4A5A /* MDownLoadImageTool.m */,
			);
			name = Model;
			sourceTree = "<group>";
		};
		4DB734951DF94B0600ED13BA /* CoreText */ = {
			isa = PBXGroup;
			children = (
			);
			name = CoreText;
			sourceTree = "<group>";
		};
		EF33AA831D89743B2BFC7737 /* Pods */ = {
			isa = PBXGroup;
			children = (
				8CC43146639C9FDEA24B104A /* Pods-Mark_CoreText.debug.xcconfig */,
				30DFB85A2E5F94161A237035 /* Pods-Mark_CoreText.release.xcconfig */,
			);
			name = Pods;
			sourceTree = "<group>";
		};
/* End PBXGroup section */

/* Begin PBXNativeTarget section */
		4DB734791DF947A800ED13BA /* Mark_CoreText */ = {
			isa = PBXNativeTarget;
			buildConfigurationList = 4DB734911DF947A800ED13BA /* Build configuration list for PBXNativeTarget "Mark_CoreText" */;
			buildPhases = (
				1B381111430CD73C3D546791 /* [CP] Check Pods Manifest.lock */,
				4DB734761DF947A800ED13BA /* Sources */,
				4DB734771DF947A800ED13BA /* Frameworks */,
				4DB734781DF947A800ED13BA /* Resources */,
				C6FFCB99332F1766541D755F /* [CP] Embed Pods Frameworks */,
				4801D1DF7F75EBA975052590 /* [CP] Copy Pods Resources */,
			);
			buildRules = (
			);
			dependencies = (
			);
			name = Mark_CoreText;
			productName = Mark_CoreText;
			productReference = 4DB7347A1DF947A800ED13BA /* Mark_CoreText.app */;
			productType = "com.apple.product-type.application";
		};
/* End PBXNativeTarget section */

/* Begin PBXProject section */
		4DB734721DF947A800ED13BA /* Project object */ = {
			isa = PBXProject;
			attributes = {
				LastUpgradeCheck = 0810;
				ORGANIZATIONNAME = Mark;
				TargetAttributes = {
					4DB734791DF947A800ED13BA = {
						CreatedOnToolsVersion = 8.1;
						ProvisioningStyle = Automatic;
					};
				};
			};
			buildConfigurationList = 4DB734751DF947A800ED13BA /* Build configuration list for PBXProject "Mark_CoreText" */;
			compatibilityVersion = "Xcode 3.2";
			developmentRegion = English;
			hasScannedForEncodings = 0;
			knownRegions = (
				en,
				Base,
			);
			mainGroup = 4DB734711DF947A800ED13BA;
			productRefGroup = 4DB7347B1DF947A800ED13BA /* Products */;
			projectDirPath = "";
			projectRoot = "";
			targets = (
				4DB734791DF947A800ED13BA /* Mark_CoreText */,
			);
		};
/* End PBXProject section */

/* Begin PBXResourcesBuildPhase section */
		4DB734781DF947A800ED13BA /* Resources */ = {
			isa = PBXResourcesBuildPhase;
			buildActionMask = 2147483647;
			files = (
				4DB7348D1DF947A800ED13BA /* LaunchScreen.storyboard in Resources */,
				4DB7348A1DF947A800ED13BA /* Assets.xcassets in Resources */,
				4DB734971DF94B1800ED13BA /* json in Resources */,
				4DA072BA1E03DCF9005B51E4 /* coretext-image-2.jpg in Resources */,
				4DB734881DF947A800ED13BA /* Main.storyboard in Resources */,
			);
			runOnlyForDeploymentPostprocessing = 0;
		};
/* End PBXResourcesBuildPhase section */

/* Begin PBXShellScriptBuildPhase section */
		1B381111430CD73C3D546791 /* [CP] Check Pods Manifest.lock */ = {
			isa = PBXShellScriptBuildPhase;
			buildActionMask = 2147483647;
			files = (
			);
			inputPaths = (
			);
			name = "[CP] Check Pods Manifest.lock";
			outputPaths = (
			);
			runOnlyForDeploymentPostprocessing = 0;
			shellPath = /bin/sh;
			shellScript = "diff \"${PODS_ROOT}/../Podfile.lock\" \"${PODS_ROOT}/Manifest.lock\" > /dev/null\nif [ $? != 0 ] ; then\n    # print error to STDERR\n    echo \"error: The sandbox is not in sync with the Podfile.lock. Run 'pod install' or update your CocoaPods installation.\" >&2\n    exit 1\nfi\n";
			showEnvVarsInLog = 0;
		};
		4801D1DF7F75EBA975052590 /* [CP] Copy Pods Resources */ = {
			isa = PBXShellScriptBuildPhase;
			buildActionMask = 2147483647;
			files = (
			);
			inputPaths = (
			);
			name = "[CP] Copy Pods Resources";
			outputPaths = (
			);
			runOnlyForDeploymentPostprocessing = 0;
			shellPath = /bin/sh;
			shellScript = "\"${SRCROOT}/Pods/Target Support Files/Pods-Mark_CoreText/Pods-Mark_CoreText-resources.sh\"\n";
			showEnvVarsInLog = 0;
		};
		C6FFCB99332F1766541D755F /* [CP] Embed Pods Frameworks */ = {
			isa = PBXShellScriptBuildPhase;
			buildActionMask = 2147483647;
			files = (
			);
			inputPaths = (
			);
			name = "[CP] Embed Pods Frameworks";
			outputPaths = (
			);
			runOnlyForDeploymentPostprocessing = 0;
			shellPath = /bin/sh;
			shellScript = "\"${SRCROOT}/Pods/Target Support Files/Pods-Mark_CoreText/Pods-Mark_CoreText-frameworks.sh\"\n";
			showEnvVarsInLog = 0;
		};
/* End PBXShellScriptBuildPhase section */

/* Begin PBXSourcesBuildPhase section */
		4DB734761DF947A800ED13BA /* Sources */ = {
			isa = PBXSourcesBuildPhase;
			buildActionMask = 2147483647;
			files = (
				4DB734851DF947A800ED13BA /* ViewController.m in Sources */,
				4DB734821DF947A800ED13BA /* AppDelegate.m in Sources */,
				4DB734A01DF951DF00ED13BA /* MParserConfig.m in Sources */,
				4DBFF0C21DFAA23D00CADAEB /* MDisplayView.m in Sources */,
				4D0C70C11E1DDF0B003C4A5A /* MDownLoadImageTool.m in Sources */,
				4DB7347F1DF947A800ED13BA /* main.m in Sources */,
				4DB7349D1DF94B4900ED13BA /* MJsonModel.m in Sources */,
			);
			runOnlyForDeploymentPostprocessing = 0;
		};
/* End PBXSourcesBuildPhase section */

/* Begin PBXVariantGroup section */
		4DB734861DF947A800ED13BA /* Main.storyboard */ = {
			isa = PBXVariantGroup;
			children = (
				4DB734871DF947A800ED13BA /* Base */,
			);
			name = Main.storyboard;
			sourceTree = "<group>";
		};
		4DB7348B1DF947A800ED13BA /* LaunchScreen.storyboard */ = {
			isa = PBXVariantGroup;
			children = (
				4DB7348C1DF947A800ED13BA /* Base */,
			);
			name = LaunchScreen.storyboard;
			sourceTree = "<group>";
		};
/* End PBXVariantGroup section */

/* Begin XCBuildConfiguration section */
		4DB7348F1DF947A800ED13BA /* Debug */ = {
			isa = XCBuildConfiguration;
			buildSettings = {
				ALWAYS_SEARCH_USER_PATHS = NO;
				CLANG_ANALYZER_NONNULL = YES;
				CLANG_CXX_LANGUAGE_STANDARD = "gnu++0x";
				CLANG_CXX_LIBRARY = "libc++";
				CLANG_ENABLE_MODULES = YES;
				CLANG_ENABLE_OBJC_ARC = YES;
				CLANG_WARN_BOOL_CONVERSION = YES;
				CLANG_WARN_CONSTANT_CONVERSION = YES;
				CLANG_WARN_DIRECT_OBJC_ISA_USAGE = YES_ERROR;
				CLANG_WARN_DOCUMENTATION_COMMENTS = YES;
				CLANG_WARN_EMPTY_BODY = YES;
				CLANG_WARN_ENUM_CONVERSION = YES;
				CLANG_WARN_INFINITE_RECURSION = YES;
				CLANG_WARN_INT_CONVERSION = YES;
				CLANG_WARN_OBJC_ROOT_CLASS = YES_ERROR;
				CLANG_WARN_SUSPICIOUS_MOVES = YES;
				CLANG_WARN_UNREACHABLE_CODE = YES;
				CLANG_WARN__DUPLICATE_METHOD_MATCH = YES;
				"CODE_SIGN_IDENTITY[sdk=iphoneos*]" = "iPhone Developer";
				COPY_PHASE_STRIP = NO;
				DEBUG_INFORMATION_FORMAT = dwarf;
				ENABLE_STRICT_OBJC_MSGSEND = YES;
				ENABLE_TESTABILITY = YES;
				GCC_C_LANGUAGE_STANDARD = gnu99;
				GCC_DYNAMIC_NO_PIC = NO;
				GCC_NO_COMMON_BLOCKS = YES;
				GCC_OPTIMIZATION_LEVEL = 0;
				GCC_PREPROCESSOR_DEFINITIONS = (
					"DEBUG=1",
					"$(inherited)",
				);
				GCC_WARN_64_TO_32_BIT_CONVERSION = YES;
				GCC_WARN_ABOUT_RETURN_TYPE = YES_ERROR;
				GCC_WARN_UNDECLARED_SELECTOR = YES;
				GCC_WARN_UNINITIALIZED_AUTOS = YES_AGGRESSIVE;
				GCC_WARN_UNUSED_FUNCTION = YES;
				GCC_WARN_UNUSED_VARIABLE = YES;
				IPHONEOS_DEPLOYMENT_TARGET = 10.1;
				MTL_ENABLE_DEBUG_INFO = YES;
				ONLY_ACTIVE_ARCH = YES;
				SDKROOT = iphoneos;
			};
			name = Debug;
		};
		4DB734901DF947A800ED13BA /* Release */ = {
			isa = XCBuildConfiguration;
			buildSettings = {
				ALWAYS_SEARCH_USER_PATHS = NO;
				CLANG_ANALYZER_NONNULL = YES;
				CLANG_CXX_LANGUAGE_STANDARD = "gnu++0x";
				CLANG_CXX_LIBRARY = "libc++";
				CLANG_ENABLE_MODULES = YES;
				CLANG_ENABLE_OBJC_ARC = YES;
				CLANG_WARN_BOOL_CONVERSION = YES;
				CLANG_WARN_CONSTANT_CONVERSION = YES;
				CLANG_WARN_DIRECT_OBJC_ISA_USAGE = YES_ERROR;
				CLANG_WARN_DOCUMENTATION_COMMENTS = YES;
				CLANG_WARN_EMPTY_BODY = YES;
				CLANG_WARN_ENUM_CONVERSION = YES;
				CLANG_WARN_INFINITE_RECURSION = YES;
				CLANG_WARN_INT_CONVERSION = YES;
				CLANG_WARN_OBJC_ROOT_CLASS = YES_ERROR;
				CLANG_WARN_SUSPICIOUS_MOVES = YES;
				CLANG_WARN_UNREACHABLE_CODE = YES;
				CLANG_WARN__DUPLICATE_METHOD_MATCH = YES;
				"CODE_SIGN_IDENTITY[sdk=iphoneos*]" = "iPhone Developer";
				COPY_PHASE_STRIP = NO;
				DEBUG_INFORMATION_FORMAT = "dwarf-with-dsym";
				ENABLE_NS_ASSERTIONS = NO;
				ENABLE_STRICT_OBJC_MSGSEND = YES;
				GCC_C_LANGUAGE_STANDARD = gnu99;
				GCC_NO_COMMON_BLOCKS = YES;
				GCC_WARN_64_TO_32_BIT_CONVERSION = YES;
				GCC_WARN_ABOUT_RETURN_TYPE = YES_ERROR;
				GCC_WARN_UNDECLARED_SELECTOR = YES;
				GCC_WARN_UNINITIALIZED_AUTOS = YES_AGGRESSIVE;
				GCC_WARN_UNUSED_FUNCTION = YES;
				GCC_WARN_UNUSED_VARIABLE = YES;
				IPHONEOS_DEPLOYMENT_TARGET = 10.1;
				MTL_ENABLE_DEBUG_INFO = NO;
				SDKROOT = iphoneos;
				VALIDATE_PRODUCT = YES;
			};
			name = Release;
		};
		4DB734921DF947A800ED13BA /* Debug */ = {
			isa = XCBuildConfiguration;
			baseConfigurationReference = 8CC43146639C9FDEA24B104A /* Pods-Mark_CoreText.debug.xcconfig */;
			buildSettings = {
				ASSETCATALOG_COMPILER_APPICON_NAME = AppIcon;
				INFOPLIST_FILE = Mark_CoreText/Info.plist;
				IPHONEOS_DEPLOYMENT_TARGET = 9.0;
				LD_RUNPATH_SEARCH_PATHS = "$(inherited) @executable_path/Frameworks";
				PRODUCT_BUNDLE_IDENTIFIER = "-33.Mark-CoreText";
				PRODUCT_NAME = "$(TARGET_NAME)";
			};
			name = Debug;
		};
		4DB734931DF947A800ED13BA /* Release */ = {
			isa = XCBuildConfiguration;
			baseConfigurationReference = 30DFB85A2E5F94161A237035 /* Pods-Mark_CoreText.release.xcconfig */;
			buildSettings = {
				ASSETCATALOG_COMPILER_APPICON_NAME = AppIcon;
				INFOPLIST_FILE = Mark_CoreText/Info.plist;
				IPHONEOS_DEPLOYMENT_TARGET = 9.0;
				LD_RUNPATH_SEARCH_PATHS = "$(inherited) @executable_path/Frameworks";
				PRODUCT_BUNDLE_IDENTIFIER = "-33.Mark-CoreText";
				PRODUCT_NAME = "$(TARGET_NAME)";
			};
			name = Release;
		};
/* End XCBuildConfiguration section */

/* Begin XCConfigurationList section */
		4DB734751DF947A800ED13BA /* Build configuration list for PBXProject "Mark_CoreText" */ = {
			isa = XCConfigurationList;
			buildConfigurations = (
				4DB7348F1DF947A800ED13BA /* Debug */,
				4DB734901DF947A800ED13BA /* Release */,
			);
			defaultConfigurationIsVisible = 0;
			defaultConfigurationName = Release;
		};
		4DB734911DF947A800ED13BA /* Build configuration list for PBXNativeTarget "Mark_CoreText" */ = {
			isa = XCConfigurationList;
			buildConfigurations = (
				4DB734921DF947A800ED13BA /* Debug */,
				4DB734931DF947A800ED13BA /* Release */,
			);
			defaultConfigurationIsVisible = 0;
			defaultConfigurationName = Release;
		};
/* End XCConfigurationList section */
	};
	rootObject = 4DB734721DF947A800ED13BA /* Project object */;
}
